// !$*UTF8*$!
{
	archiveVersion = 1;
	classes = {
	};
	objectVersion = 50;
	objects = {

/* Begin PBXBuildFile section */
		872399BC20C9038E00AF39C5 /* AppDelegate.swift in Sources */ = {isa = PBXBuildFile; fileRef = 872399BB20C9038E00AF39C5 /* AppDelegate.swift */; };
		872399BE20C9038E00AF39C5 /* ViewController.swift in Sources */ = {isa = PBXBuildFile; fileRef = 872399BD20C9038E00AF39C5 /* ViewController.swift */; };
		872399C120C9038E00AF39C5 /* Main.storyboard in Resources */ = {isa = PBXBuildFile; fileRef = 872399BF20C9038E00AF39C5 /* Main.storyboard */; };
		872399C320C9038F00AF39C5 /* Assets.xcassets in Resources */ = {isa = PBXBuildFile; fileRef = 872399C220C9038F00AF39C5 /* Assets.xcassets */; };
		872399C620C9038F00AF39C5 /* LaunchScreen.storyboard in Resources */ = {isa = PBXBuildFile; fileRef = 872399C420C9038F00AF39C5 /* LaunchScreen.storyboard */; };
		872399D120C9039000AF39C5 /* BloxchainExamTests.swift in Sources */ = {isa = PBXBuildFile; fileRef = 872399D020C9039000AF39C5 /* BloxchainExamTests.swift */; };
		872399DC20C9039000AF39C5 /* BloxchainExamUITests.swift in Sources */ = {isa = PBXBuildFile; fileRef = 872399DB20C9039000AF39C5 /* BloxchainExamUITests.swift */; };
		872399ED20C9160300AF39C5 /* Field.swift in Sources */ = {isa = PBXBuildFile; fileRef = 872399EC20C9160300AF39C5 /* Field.swift */; };
		872399EF20C9163900AF39C5 /* User.swift in Sources */ = {isa = PBXBuildFile; fileRef = 872399EE20C9163900AF39C5 /* User.swift */; };
/* End PBXBuildFile section */

/* Begin PBXContainerItemProxy section */
		872399CD20C9039000AF39C5 /* PBXContainerItemProxy */ = {
			isa = PBXContainerItemProxy;
			containerPortal = 872399B020C9038E00AF39C5 /* Project object */;
			proxyType = 1;
			remoteGlobalIDString = 872399B720C9038E00AF39C5;
			remoteInfo = BloxchainExam;
		};
		872399D820C9039000AF39C5 /* PBXContainerItemProxy */ = {
			isa = PBXContainerItemProxy;
			containerPortal = 872399B020C9038E00AF39C5 /* Project object */;
			proxyType = 1;
			remoteGlobalIDString = 872399B720C9038E00AF39C5;
			remoteInfo = BloxchainExam;
		};
/* End PBXContainerItemProxy section */

/* Begin PBXFileReference section */
		872399B820C9038E00AF39C5 /* BloxchainExam.app */ = {isa = PBXFileReference; explicitFileType = wrapper.application; includeInIndex = 0; path = BloxchainExam.app; sourceTree = BUILT_PRODUCTS_DIR; };
		872399BB20C9038E00AF39C5 /* AppDelegate.swift */ = {isa = PBXFileReference; lastKnownFileType = sourcecode.swift; path = AppDelegate.swift; sourceTree = "<group>"; };
		872399BD20C9038E00AF39C5 /* ViewController.swift */ = {isa = PBXFileReference; lastKnownFileType = sourcecode.swift; path = ViewController.swift; sourceTree = "<group>"; };
		872399C020C9038E00AF39C5 /* Base */ = {isa = PBXFileReference; lastKnownFileType = file.storyboard; name = Base; path = Base.lproj/Main.storyboard; sourceTree = "<group>"; };
		872399C220C9038F00AF39C5 /* Assets.xcassets */ = {isa = PBXFileReference; lastKnownFileType = folder.assetcatalog; path = Assets.xcassets; sourceTree = "<group>"; };
		872399C520C9038F00AF39C5 /* Base */ = {isa = PBXFileReference; lastKnownFileType = file.storyboard; name = Base; path = Base.lproj/LaunchScreen.storyboard; sourceTree = "<group>"; };
		872399C720C9038F00AF39C5 /* Info.plist */ = {isa = PBXFileReference; lastKnownFileType = text.plist.xml; path = Info.plist; sourceTree = "<group>"; };
		872399CC20C9038F00AF39C5 /* BloxchainExamTests.xctest */ = {isa = PBXFileReference; explicitFileType = wrapper.cfbundle; includeInIndex = 0; path = BloxchainExamTests.xctest; sourceTree = BUILT_PRODUCTS_DIR; };
		872399D020C9039000AF39C5 /* BloxchainExamTests.swift */ = {isa = PBXFileReference; lastKnownFileType = sourcecode.swift; path = BloxchainExamTests.swift; sourceTree = "<group>"; };
		872399D220C9039000AF39C5 /* Info.plist */ = {isa = PBXFileReference; lastKnownFileType = text.plist.xml; path = Info.plist; sourceTree = "<group>"; };
		872399D720C9039000AF39C5 /* BloxchainExamUITests.xctest */ = {isa = PBXFileReference; explicitFileType = wrapper.cfbundle; includeInIndex = 0; path = BloxchainExamUITests.xctest; sourceTree = BUILT_PRODUCTS_DIR; };
		872399DB20C9039000AF39C5 /* BloxchainExamUITests.swift */ = {isa = PBXFileReference; lastKnownFileType = sourcecode.swift; path = BloxchainExamUITests.swift; sourceTree = "<group>"; };
		872399DD20C9039000AF39C5 /* Info.plist */ = {isa = PBXFileReference; lastKnownFileType = text.plist.xml; path = Info.plist; sourceTree = "<group>"; };
		872399EC20C9160300AF39C5 /* Field.swift */ = {isa = PBXFileReference; lastKnownFileType = sourcecode.swift; path = Field.swift; sourceTree = "<group>"; };
		872399EE20C9163900AF39C5 /* User.swift */ = {isa = PBXFileReference; lastKnownFileType = sourcecode.swift; path = User.swift; sourceTree = "<group>"; };
/* End PBXFileReference section */

/* Begin PBXFrameworksBuildPhase section */
		872399B520C9038E00AF39C5 /* Frameworks */ = {
			isa = PBXFrameworksBuildPhase;
			buildActionMask = 2147483647;
			files = (
			);
			runOnlyForDeploymentPostprocessing = 0;
		};
		872399C920C9038F00AF39C5 /* Frameworks */ = {
			isa = PBXFrameworksBuildPhase;
			buildActionMask = 2147483647;
			files = (
			);
			runOnlyForDeploymentPostprocessing = 0;
		};
		872399D420C9039000AF39C5 /* Frameworks */ = {
			isa = PBXFrameworksBuildPhase;
			buildActionMask = 2147483647;
			files = (
			);
			runOnlyForDeploymentPostprocessing = 0;
		};
/* End PBXFrameworksBuildPhase section */

/* Begin PBXGroup section */
		872399AF20C9038E00AF39C5 = {
			isa = PBXGroup;
			children = (
				872399BA20C9038E00AF39C5 /* BloxchainExam */,
				872399CF20C9039000AF39C5 /* BloxchainExamTests */,
				872399DA20C9039000AF39C5 /* BloxchainExamUITests */,
				872399B920C9038E00AF39C5 /* Products */,
			);
			sourceTree = "<group>";
		};
		872399B920C9038E00AF39C5 /* Products */ = {
			isa = PBXGroup;
			children = (
				872399B820C9038E00AF39C5 /* BloxchainExam.app */,
				872399CC20C9038F00AF39C5 /* BloxchainExamTests.xctest */,
				872399D720C9039000AF39C5 /* BloxchainExamUITests.xctest */,
			);
			name = Products;
			sourceTree = "<group>";
		};
		872399BA20C9038E00AF39C5 /* BloxchainExam */ = {
			isa = PBXGroup;
			children = (
				872399EB20C915AD00AF39C5 /* Controller */,
				872399EA20C915A800AF39C5 /* View */,
				872399E920C9159E00AF39C5 /* Model */,
				872399C220C9038F00AF39C5 /* Assets.xcassets */,
				872399C720C9038F00AF39C5 /* Info.plist */,
			);
			path = BloxchainExam;
			sourceTree = "<group>";
		};
		872399CF20C9039000AF39C5 /* BloxchainExamTests */ = {
			isa = PBXGroup;
			children = (
				872399D020C9039000AF39C5 /* BloxchainExamTests.swift */,
				872399D220C9039000AF39C5 /* Info.plist */,
			);
			path = BloxchainExamTests;
			sourceTree = "<group>";
		};
		872399DA20C9039000AF39C5 /* BloxchainExamUITests */ = {
			isa = PBXGroup;
			children = (
				872399DB20C9039000AF39C5 /* BloxchainExamUITests.swift */,
				872399DD20C9039000AF39C5 /* Info.plist */,
			);
			path = BloxchainExamUITests;
			sourceTree = "<group>";
		};
		872399E920C9159E00AF39C5 /* Model */ = {
			isa = PBXGroup;
			children = (
				872399EC20C9160300AF39C5 /* Field.swift */,
				872399EE20C9163900AF39C5 /* User.swift */,
			);
			path = Model;
			sourceTree = "<group>";
		};
		872399EA20C915A800AF39C5 /* View */ = {
			isa = PBXGroup;
			children = (
				872399BF20C9038E00AF39C5 /* Main.storyboard */,
				872399C420C9038F00AF39C5 /* LaunchScreen.storyboard */,
			);
			path = View;
			sourceTree = "<group>";
		};
		872399EB20C915AD00AF39C5 /* Controller */ = {
			isa = PBXGroup;
			children = (
				872399BB20C9038E00AF39C5 /* AppDelegate.swift */,
				872399BD20C9038E00AF39C5 /* ViewController.swift */,
			);
			path = Controller;
			sourceTree = "<group>";
		};
/* End PBXGroup section */

/* Begin PBXNativeTarget section */
		872399B720C9038E00AF39C5 /* BloxchainExam */ = {
			isa = PBXNativeTarget;
			buildConfigurationList = 872399E020C9039000AF39C5 /* Build configuration list for PBXNativeTarget "BloxchainExam" */;
			buildPhases = (
				872399B420C9038E00AF39C5 /* Sources */,
				872399B520C9038E00AF39C5 /* Frameworks */,
				872399B620C9038E00AF39C5 /* Resources */,
			);
			buildRules = (
			);
			dependencies = (
			);
			name = BloxchainExam;
			productName = BloxchainExam;
			productReference = 872399B820C9038E00AF39C5 /* BloxchainExam.app */;
			productType = "com.apple.product-type.application";
		};
		872399CB20C9038F00AF39C5 /* BloxchainExamTests */ = {
			isa = PBXNativeTarget;
			buildConfigurationList = 872399E320C9039000AF39C5 /* Build configuration list for PBXNativeTarget "BloxchainExamTests" */;
			buildPhases = (
				872399C820C9038F00AF39C5 /* Sources */,
				872399C920C9038F00AF39C5 /* Frameworks */,
				872399CA20C9038F00AF39C5 /* Resources */,
			);
			buildRules = (
			);
			dependencies = (
				872399CE20C9039000AF39C5 /* PBXTargetDependency */,
			);
			name = BloxchainExamTests;
			productName = BloxchainExamTests;
			productReference = 872399CC20C9038F00AF39C5 /* BloxchainExamTests.xctest */;
			productType = "com.apple.product-type.bundle.unit-test";
		};
		872399D620C9039000AF39C5 /* BloxchainExamUITests */ = {
			isa = PBXNativeTarget;
			buildConfigurationList = 872399E620C9039000AF39C5 /* Build configuration list for PBXNativeTarget "BloxchainExamUITests" */;
			buildPhases = (
				872399D320C9039000AF39C5 /* Sources */,
				872399D420C9039000AF39C5 /* Frameworks */,
				872399D520C9039000AF39C5 /* Resources */,
			);
			buildRules = (
			);
			dependencies = (
				872399D920C9039000AF39C5 /* PBXTargetDependency */,
			);
			name = BloxchainExamUITests;
			productName = BloxchainExamUITests;
			productReference = 872399D720C9039000AF39C5 /* BloxchainExamUITests.xctest */;
			productType = "com.apple.product-type.bundle.ui-testing";
		};
/* End PBXNativeTarget section */

/* Begin PBXProject section */
		872399B020C9038E00AF39C5 /* Project object */ = {
			isa = PBXProject;
			attributes = {
				LastSwiftUpdateCheck = 0930;
				LastUpgradeCheck = 0930;
				ORGANIZATIONNAME = milky.agora;
				TargetAttributes = {
					872399B720C9038E00AF39C5 = {
						CreatedOnToolsVersion = 9.3;
					};
					872399CB20C9038F00AF39C5 = {
						CreatedOnToolsVersion = 9.3;
						TestTargetID = 872399B720C9038E00AF39C5;
					};
					872399D620C9039000AF39C5 = {
						CreatedOnToolsVersion = 9.3;
						TestTargetID = 872399B720C9038E00AF39C5;
					};
				};
			};
			buildConfigurationList = 872399B320C9038E00AF39C5 /* Build configuration list for PBXProject "BloxchainExam" */;
			compatibilityVersion = "Xcode 9.3";
			developmentRegion = en;
			hasScannedForEncodings = 0;
			knownRegions = (
				en,
				Base,
			);
			mainGroup = 872399AF20C9038E00AF39C5;
			productRefGroup = 872399B920C9038E00AF39C5 /* Products */;
			projectDirPath = "";
			projectRoot = "";
			targets = (
				872399B720C9038E00AF39C5 /* BloxchainExam */,
				872399CB20C9038F00AF39C5 /* BloxchainExamTests */,
				872399D620C9039000AF39C5 /* BloxchainExamUITests */,
			);
		};
/* End PBXProject section */

/* Begin PBXResourcesBuildPhase section */
		872399B620C9038E00AF39C5 /* Resources */ = {
			isa = PBXResourcesBuildPhase;
			buildActionMask = 2147483647;
			files = (
				872399C620C9038F00AF39C5 /* LaunchScreen.storyboard in Resources */,
				872399C320C9038F00AF39C5 /* Assets.xcassets in Resources */,
				872399C120C9038E00AF39C5 /* Main.storyboard in Resources */,
			);
			runOnlyForDeploymentPostprocessing = 0;
		};
		872399CA20C9038F00AF39C5 /* Resources */ = {
			isa = PBXResourcesBuildPhase;
			buildActionMask = 2147483647;
			files = (
			);
			runOnlyForDeploymentPostprocessing = 0;
		};
		872399D520C9039000AF39C5 /* Resources */ = {
			isa = PBXResourcesBuildPhase;
			buildActionMask = 2147483647;
			files = (
			);
			runOnlyForDeploymentPostprocessing = 0;
		};
/* End PBXResourcesBuildPhase section */

/* Begin PBXSourcesBuildPhase section */
		872399B420C9038E00AF39C5 /* Sources */ = {
			isa = PBXSourcesBuildPhase;
			buildActionMask = 2147483647;
			files = (
				872399EF20C9163900AF39C5 /* User.swift in Sources */,
				872399BE20C9038E00AF39C5 /* ViewController.swift in Sources */,
				872399BC20C9038E00AF39C5 /* AppDelegate.swift in Sources */,
				872399ED20C9160300AF39C5 /* Field.swift in Sources */,
			);
			runOnlyForDeploymentPostprocessing = 0;
		};
		872399C820C9038F00AF39C5 /* Sources */ = {
			isa = PBXSourcesBuildPhase;
			buildActionMask = 2147483647;
			files = (
				872399D120C9039000AF39C5 /* BloxchainExamTests.swift in Sources */,
			);
			runOnlyForDeploymentPostprocessing = 0;
		};
		872399D320C9039000AF39C5 /* Sources */ = {
			isa = PBXSourcesBuildPhase;
			buildActionMask = 2147483647;
			files = (
				872399DC20C9039000AF39C5 /* BloxchainExamUITests.swift in Sources */,
			);
			runOnlyForDeploymentPostprocessing = 0;
		};
/* End PBXSourcesBuildPhase section */

/* Begin PBXTargetDependency section */
		872399CE20C9039000AF39C5 /* PBXTargetDependency */ = {
			isa = PBXTargetDependency;
			target = 872399B720C9038E00AF39C5 /* BloxchainExam */;
			targetProxy = 872399CD20C9039000AF39C5 /* PBXContainerItemProxy */;
		};
		872399D920C9039000AF39C5 /* PBXTargetDependency */ = {
			isa = PBXTargetDependency;
			target = 872399B720C9038E00AF39C5 /* BloxchainExam */;
			targetProxy = 872399D820C9039000AF39C5 /* PBXContainerItemProxy */;
		};
/* End PBXTargetDependency section */

/* Begin PBXVariantGroup section */
		872399BF20C9038E00AF39C5 /* Main.storyboard */ = {
			isa = PBXVariantGroup;
			children = (
				872399C020C9038E00AF39C5 /* Base */,
			);
			name = Main.storyboard;
			sourceTree = "<group>";
		};
		872399C420C9038F00AF39C5 /* LaunchScreen.storyboard */ = {
			isa = PBXVariantGroup;
			children = (
				872399C520C9038F00AF39C5 /* Base */,
			);
			name = LaunchScreen.storyboard;
			sourceTree = "<group>";
		};
/* End PBXVariantGroup section */

/* Begin XCBuildConfiguration section */
		872399DE20C9039000AF39C5 /* Debug */ = {
			isa = XCBuildConfiguration;
			buildSettings = {
				ALWAYS_SEARCH_USER_PATHS = NO;
				CLANG_ANALYZER_NONNULL = YES;
				CLANG_ANALYZER_NUMBER_OBJECT_CONVERSION = YES_AGGRESSIVE;
				CLANG_CXX_LANGUAGE_STANDARD = "gnu++14";
				CLANG_CXX_LIBRARY = "libc++";
				CLANG_ENABLE_MODULES = YES;
				CLANG_ENABLE_OBJC_ARC = YES;
				CLANG_ENABLE_OBJC_WEAK = YES;
				CLANG_WARN_BLOCK_CAPTURE_AUTORELEASING = YES;
				CLANG_WARN_BOOL_CONVERSION = YES;
				CLANG_WARN_COMMA = YES;
				CLANG_WARN_CONSTANT_CONVERSION = YES;
				CLANG_WARN_DEPRECATED_OBJC_IMPLEMENTATIONS = YES;
				CLANG_WARN_DIRECT_OBJC_ISA_USAGE = YES_ERROR;
				CLANG_WARN_DOCUMENTATION_COMMENTS = YES;
				CLANG_WARN_EMPTY_BODY = YES;
				CLANG_WARN_ENUM_CONVERSION = YES;
				CLANG_WARN_INFINITE_RECURSION = YES;
				CLANG_WARN_INT_CONVERSION = YES;
				CLANG_WARN_NON_LITERAL_NULL_CONVERSION = YES;
				CLANG_WARN_OBJC_IMPLICIT_RETAIN_SELF = YES;
				CLANG_WARN_OBJC_LITERAL_CONVERSION = YES;
				CLANG_WARN_OBJC_ROOT_CLASS = YES_ERROR;
				CLANG_WARN_RANGE_LOOP_ANALYSIS = YES;
				CLANG_WARN_STRICT_PROTOTYPES = YES;
				CLANG_WARN_SUSPICIOUS_MOVE = YES;
				CLANG_WARN_UNGUARDED_AVAILABILITY = YES_AGGRESSIVE;
				CLANG_WARN_UNREACHABLE_CODE = YES;
				CLANG_WARN__DUPLICATE_METHOD_MATCH = YES;
				CODE_SIGN_IDENTITY = "iPhone Developer";
				COPY_PHASE_STRIP = NO;
				DEBUG_INFORMATION_FORMAT = dwarf;
				ENABLE_STRICT_OBJC_MSGSEND = YES;
				ENABLE_TESTABILITY = YES;
				GCC_C_LANGUAGE_STANDARD = gnu11;
				GCC_DYNAMIC_NO_PIC = NO;
				GCC_NO_COMMON_BLOCKS = YES;
				GCC_OPTIMIZATION_LEVEL = 0;
				GCC_PREPROCESSOR_DEFINITIONS = (
					"DEBUG=1",
					"$(inherited)",
				);
				GCC_WARN_64_TO_32_BIT_CONVERSION = YES;
				GCC_WARN_ABOUT_RETURN_TYPE = YES_ERROR;
				GCC_WARN_UNDECLARED_SELECTOR = YES;
				GCC_WARN_UNINITIALIZED_AUTOS = YES_AGGRESSIVE;
				GCC_WARN_UNUSED_FUNCTION = YES;
				GCC_WARN_UNUSED_VARIABLE = YES;
				IPHONEOS_DEPLOYMENT_TARGET = 11.3;
				MTL_ENABLE_DEBUG_INFO = YES;
				ONLY_ACTIVE_ARCH = YES;
				SDKROOT = iphoneos;
				SWIFT_ACTIVE_COMPILATION_CONDITIONS = DEBUG;
				SWIFT_OPTIMIZATION_LEVEL = "-Onone";
			};
			name = Debug;
		};
		872399DF20C9039000AF39C5 /* Release */ = {
			isa = XCBuildConfiguration;
			buildSettings = {
				ALWAYS_SEARCH_USER_PATHS = NO;
				CLANG_ANALYZER_NONNULL = YES;
				CLANG_ANALYZER_NUMBER_OBJECT_CONVERSION = YES_AGGRESSIVE;
				CLANG_CXX_LANGUAGE_STANDARD = "gnu++14";
				CLANG_CXX_LIBRARY = "libc++";
				CLANG_ENABLE_MODULES = YES;
				CLANG_ENABLE_OBJC_ARC = YES;
				CLANG_ENABLE_OBJC_WEAK = YES;
				CLANG_WARN_BLOCK_CAPTURE_AUTORELEASING = YES;
				CLANG_WARN_BOOL_CONVERSION = YES;
				CLANG_WARN_COMMA = YES;
				CLANG_WARN_CONSTANT_CONVERSION = YES;
				CLANG_WARN_DEPRECATED_OBJC_IMPLEMENTATIONS = YES;
				CLANG_WARN_DIRECT_OBJC_ISA_USAGE = YES_ERROR;
				CLANG_WARN_DOCUMENTATION_COMMENTS = YES;
				CLANG_WARN_EMPTY_BODY = YES;
				CLANG_WARN_ENUM_CONVERSION = YES;
				CLANG_WARN_INFINITE_RECURSION = YES;
				CLANG_WARN_INT_CONVERSION = YES;
				CLANG_WARN_NON_LITERAL_NULL_CONVERSION = YES;
				CLANG_WARN_OBJC_IMPLICIT_RETAIN_SELF = YES;
				CLANG_WARN_OBJC_LITERAL_CONVERSION = YES;
				CLANG_WARN_OBJC_ROOT_CLASS = YES_ERROR;
				CLANG_WARN_RANGE_LOOP_ANALYSIS = YES;
				CLANG_WARN_STRICT_PROTOTYPES = YES;
				CLANG_WARN_SUSPICIOUS_MOVE = YES;
				CLANG_WARN_UNGUARDED_AVAILABILITY = YES_AGGRESSIVE;
				CLANG_WARN_UNREACHABLE_CODE = YES;
				CLANG_WARN__DUPLICATE_METHOD_MATCH = YES;
				CODE_SIGN_IDENTITY = "iPhone Developer";
				COPY_PHASE_STRIP = NO;
				DEBUG_INFORMATION_FORMAT = "dwarf-with-dsym";
				ENABLE_NS_ASSERTIONS = NO;
				ENABLE_STRICT_OBJC_MSGSEND = YES;
				GCC_C_LANGUAGE_STANDARD = gnu11;
				GCC_NO_COMMON_BLOCKS = YES;
				GCC_WARN_64_TO_32_BIT_CONVERSION = YES;
				GCC_WARN_ABOUT_RETURN_TYPE = YES_ERROR;
				GCC_WARN_UNDECLARED_SELECTOR = YES;
				GCC_WARN_UNINITIALIZED_AUTOS = YES_AGGRESSIVE;
				GCC_WARN_UNUSED_FUNCTION = YES;
				GCC_WARN_UNUSED_VARIABLE = YES;
				IPHONEOS_DEPLOYMENT_TARGET = 11.3;
				MTL_ENABLE_DEBUG_INFO = NO;
				SDKROOT = iphoneos;
				SWIFT_COMPILATION_MODE = wholemodule;
				SWIFT_OPTIMIZATION_LEVEL = "-O";
				VALIDATE_PRODUCT = YES;
			};
			name = Release;
		};
		872399E120C9039000AF39C5 /* Debug */ = {
			isa = XCBuildConfiguration;
			buildSettings = {
				ASSETCATALOG_COMPILER_APPICON_NAME = AppIcon;
				CODE_SIGN_STYLE = Automatic;
				DEVELOPMENT_TEAM = 6VBTXP6J75;
				INFOPLIST_FILE = BloxchainExam/Info.plist;
				LD_RUNPATH_SEARCH_PATHS = (
					"$(inherited)",
					"@executable_path/Frameworks",
				);
				PRODUCT_BUNDLE_IDENTIFIER = com.bloxchain.BloxchainExam;
				PRODUCT_NAME = "$(TARGET_NAME)";
				SWIFT_VERSION = 4.0;
				TARGETED_DEVICE_FAMILY = "1,2";
			};
			name = Debug;
		};
		872399E220C9039000AF39C5 /* Release */ = {
			isa = XCBuildConfiguration;
			buildSettings = {
				ASSETCATALOG_COMPILER_APPICON_NAME = AppIcon;
				CODE_SIGN_STYLE = Automatic;
				DEVELOPMENT_TEAM = 6VBTXP6J75;
				INFOPLIST_FILE = BloxchainExam/Info.plist;
				LD_RUNPATH_SEARCH_PATHS = (
					"$(inherited)",
					"@executable_path/Frameworks",
				);
				PRODUCT_BUNDLE_IDENTIFIER = com.bloxchain.BloxchainExam;
				PRODUCT_NAME = "$(TARGET_NAME)";
				SWIFT_VERSION = 4.0;
				TARGETED_DEVICE_FAMILY = "1,2";
			};
			name = Release;
		};
		872399E420C9039000AF39C5 /* Debug */ = {
			isa = XCBuildConfiguration;
			buildSettings = {
				ALWAYS_EMBED_SWIFT_STANDARD_LIBRARIES = YES;
				BUNDLE_LOADER = "$(TEST_HOST)";
				CODE_SIGN_STYLE = Automatic;
				DEVELOPMENT_TEAM = 6VBTXP6J75;
				INFOPLIST_FILE = BloxchainExamTests/Info.plist;
				LD_RUNPATH_SEARCH_PATHS = (
					"$(inherited)",
					"@executable_path/Frameworks",
					"@loader_path/Frameworks",
				);
				PRODUCT_BUNDLE_IDENTIFIER = com.bloxchain.BloxchainExamTests;
				PRODUCT_NAME = "$(TARGET_NAME)";
				SWIFT_VERSION = 4.0;
				TARGETED_DEVICE_FAMILY = "1,2";
				TEST_HOST = "$(BUILT_PRODUCTS_DIR)/BloxchainExam.app/BloxchainExam";
			};
			name = Debug;
		};
		872399E520C9039000AF39C5 /* Release */ = {
			isa = XCBuildConfiguration;
			buildSettings = {
				ALWAYS_EMBED_SWIFT_STANDARD_LIBRARIES = YES;
				BUNDLE_LOADER = "$(TEST_HOST)";
				CODE_SIGN_STYLE = Automatic;
				DEVELOPMENT_TEAM = 6VBTXP6J75;
				INFOPLIST_FILE = BloxchainExamTests/Info.plist;
				LD_RUNPATH_SEARCH_PATHS = (
					"$(inherited)",
					"@executable_path/Frameworks",
					"@loader_path/Frameworks",
				);
				PRODUCT_BUNDLE_IDENTIFIER = com.bloxchain.BloxchainExamTests;
				PRODUCT_NAME = "$(TARGET_NAME)";
				SWIFT_VERSION = 4.0;
				TARGETED_DEVICE_FAMILY = "1,2";
				TEST_HOST = "$(BUILT_PRODUCTS_DIR)/BloxchainExam.app/BloxchainExam";
			};
			name = Release;
		};
		872399E720C9039000AF39C5 /* Debug */ = {
			isa = XCBuildConfiguration;
			buildSettings = {
				ALWAYS_EMBED_SWIFT_STANDARD_LIBRARIES = YES;
				CODE_SIGN_STYLE = Automatic;
				DEVELOPMENT_TEAM = 6VBTXP6J75;
				INFOPLIST_FILE = BloxchainExamUITests/Info.plist;
				LD_RUNPATH_SEARCH_PATHS = (
					"$(inherited)",
					"@executable_path/Frameworks",
					"@loader_path/Frameworks",
				);
				PRODUCT_BUNDLE_IDENTIFIER = com.bloxchain.BloxchainExamUITests;
				PRODUCT_NAME = "$(TARGET_NAME)";
				SWIFT_VERSION = 4.0;
				TARGETED_DEVICE_FAMILY = "1,2";
				TEST_TARGET_NAME = BloxchainExam;
			};
			name = Debug;
		};
		872399E820C9039000AF39C5 /* Release */ = {
			isa = XCBuildConfiguration;
			buildSettings = {
				ALWAYS_EMBED_SWIFT_STANDARD_LIBRARIES = YES;
				CODE_SIGN_STYLE = Automatic;
				DEVELOPMENT_TEAM = 6VBTXP6J75;
				INFOPLIST_FILE = BloxchainExamUITests/Info.plist;
				LD_RUNPATH_SEARCH_PATHS = (
					"$(inherited)",
					"@executable_path/Frameworks",
					"@loader_path/Frameworks",
				);
				PRODUCT_BUNDLE_IDENTIFIER = com.bloxchain.BloxchainExamUITests;
				PRODUCT_NAME = "$(TARGET_NAME)";
				SWIFT_VERSION = 4.0;
				TARGETED_DEVICE_FAMILY = "1,2";
				TEST_TARGET_NAME = BloxchainExam;
			};
			name = Release;
		};
/* End XCBuildConfiguration section */

/* Begin XCConfigurationList section */
		872399B320C9038E00AF39C5 /* Build configuration list for PBXProject "BloxchainExam" */ = {
			isa = XCConfigurationList;
			buildConfigurations = (
				872399DE20C9039000AF39C5 /* Debug */,
				872399DF20C9039000AF39C5 /* Release */,
			);
			defaultConfigurationIsVisible = 0;
			defaultConfigurationName = Release;
		};
		872399E020C9039000AF39C5 /* Build configuration list for PBXNativeTarget "BloxchainExam" */ = {
			isa = XCConfigurationList;
			buildConfigurations = (
				872399E120C9039000AF39C5 /* Debug */,
				872399E220C9039000AF39C5 /* Release */,
			);
			defaultConfigurationIsVisible = 0;
			defaultConfigurationName = Release;
		};
		872399E320C9039000AF39C5 /* Build configuration list for PBXNativeTarget "BloxchainExamTests" */ = {
			isa = XCConfigurationList;
			buildConfigurations = (
				872399E420C9039000AF39C5 /* Debug */,
				872399E520C9039000AF39C5 /* Release */,
			);
			defaultConfigurationIsVisible = 0;
			defaultConfigurationName = Release;
		};
		872399E620C9039000AF39C5 /* Build configuration list for PBXNativeTarget "BloxchainExamUITests" */ = {
			isa = XCConfigurationList;
			buildConfigurations = (
				872399E720C9039000AF39C5 /* Debug */,
				872399E820C9039000AF39C5 /* Release */,
			);
			defaultConfigurationIsVisible = 0;
			defaultConfigurationName = Release;
		};
/* End XCConfigurationList section */
	};
	rootObject = 872399B020C9038E00AF39C5 /* Project object */;
}
